
Microsoft Visual Studio Solution File, Format Version 12.00
Project("{2150E333-8FDC-42A3-9474-1A3956D46DE8}") = "Solution Files", "Solution Files", "{549A6712-ECDC-4F51-A93A-EF6C1186F419}"
	ProjectSection(SolutionItems) = preProject
		.editorconfig = .editorconfig
		.gitignore = .gitignore
	EndProjectSection
EndProject
Project("{FAE04EC0-301F-11D3-BF4B-00C04F79EFBC}") = "WC.Service.Employees.Data.Abstractions", "src\WC.Service.Employees.Data.Abstractions\WC.Service.Employees.Data.Abstractions.csproj", "{7B596335-91D9-49CA-A573-63C119B38777}"
EndProject
Project("{FAE04EC0-301F-11D3-BF4B-00C04F79EFBC}") = "WC.Service.Employees.Data", "src\WC.Service.Employees.Data\WC.Service.Employees.Data.csproj", "{2CDF81BA-79EF-41BA-949C-62029D4B35E6}"
EndProject
Project("{FAE04EC0-301F-11D3-BF4B-00C04F79EFBC}") = "WC.Service.Employees.Data.PostgreSql", "src\WC.Service.Employees.Data.PostgreSql\WC.Service.Employees.Data.PostgreSql.csproj", "{22F5BE59-148A-44A7-AB96-C00F60E75223}"
EndProject
Project("{FAE04EC0-301F-11D3-BF4B-00C04F79EFBC}") = "WC.Service.Employees.Domain.Abstractions", "src\WC.Service.Employees.Domain.Abstractions\WC.Service.Employees.Domain.Abstractions.csproj", "{3C49DEDA-0F73-420B-B01F-33FCE50D3A48}"
EndProject
Project("{FAE04EC0-301F-11D3-BF4B-00C04F79EFBC}") = "WC.Service.Employees.Domain", "src\WC.Service.Employees.Domain\WC.Service.Employees.Domain.csproj", "{72002D56-A736-4AB3-84CD-96B0A57BD8B9}"
EndProject
Project("{FAE04EC0-301F-11D3-BF4B-00C04F79EFBC}") = "WC.Service.Employees.API", "src\WC.Service.Employees.API\WC.Service.Employees.API.csproj", "{C39E9BEE-7943-4CE3-A2C5-45E1A7E05626}"
EndProject
Project("{FAE04EC0-301F-11D3-BF4B-00C04F79EFBC}") = "WC.Service.Employees.gRPC.Client", "src\WC.Service.Employees.gRPC.Client\WC.Service.Employees.gRPC.Client.csproj", "{018946F9-FB12-4E03-9F8E-14C9E881187C}"
EndProject
Project("{FAE04EC0-301F-11D3-BF4B-00C04F79EFBC}") = "WC.Service.Employees.gRPC.Client.Abstractions", "src\WC.Service.Employees.gRPC.Client.Abstractions\WC.Service.Employees.gRPC.Client.Abstractions.csproj", "{C47532DE-DD64-4A71-81DC-247C1335DBB7}"
EndProject
Project("{FAE04EC0-301F-11D3-BF4B-00C04F79EFBC}") = "WC.Service.Employees.CreatePosition", "src\WC.Service.Employees.CreatePosition\WC.Service.Employees.CreatePosition.csproj", "{757D18EC-7400-4FBA-B2F2-3A6583F1B359}"
EndProject
Global
	GlobalSection(SolutionConfigurationPlatforms) = preSolution
		Debug|Any CPU = Debug|Any CPU
		Release|Any CPU = Release|Any CPU
	EndGlobalSection
	GlobalSection(ProjectConfigurationPlatforms) = postSolution
		{7B596335-91D9-49CA-A573-63C119B38777}.Debug|Any CPU.ActiveCfg = Debug|Any CPU
		{7B596335-91D9-49CA-A573-63C119B38777}.Debug|Any CPU.Build.0 = Debug|Any CPU
		{7B596335-91D9-49CA-A573-63C119B38777}.Release|Any CPU.ActiveCfg = Release|Any CPU
		{7B596335-91D9-49CA-A573-63C119B38777}.Release|Any CPU.Build.0 = Release|Any CPU
		{2CDF81BA-79EF-41BA-949C-62029D4B35E6}.Debug|Any CPU.ActiveCfg = Debug|Any CPU
		{2CDF81BA-79EF-41BA-949C-62029D4B35E6}.Debug|Any CPU.Build.0 = Debug|Any CPU
		{2CDF81BA-79EF-41BA-949C-62029D4B35E6}.Release|Any CPU.ActiveCfg = Release|Any CPU
		{2CDF81BA-79EF-41BA-949C-62029D4B35E6}.Release|Any CPU.Build.0 = Release|Any CPU
		{22F5BE59-148A-44A7-AB96-C00F60E75223}.Debug|Any CPU.ActiveCfg = Debug|Any CPU
		{22F5BE59-148A-44A7-AB96-C00F60E75223}.Debug|Any CPU.Build.0 = Debug|Any CPU
		{22F5BE59-148A-44A7-AB96-C00F60E75223}.Release|Any CPU.ActiveCfg = Release|Any CPU
		{22F5BE59-148A-44A7-AB96-C00F60E75223}.Release|Any CPU.Build.0 = Release|Any CPU
		{3C49DEDA-0F73-420B-B01F-33FCE50D3A48}.Debug|Any CPU.ActiveCfg = Debug|Any CPU
		{3C49DEDA-0F73-420B-B01F-33FCE50D3A48}.Debug|Any CPU.Build.0 = Debug|Any CPU
		{3C49DEDA-0F73-420B-B01F-33FCE50D3A48}.Release|Any CPU.ActiveCfg = Release|Any CPU
		{3C49DEDA-0F73-420B-B01F-33FCE50D3A48}.Release|Any CPU.Build.0 = Release|Any CPU
		{72002D56-A736-4AB3-84CD-96B0A57BD8B9}.Debug|Any CPU.ActiveCfg = Debug|Any CPU
		{72002D56-A736-4AB3-84CD-96B0A57BD8B9}.Debug|Any CPU.Build.0 = Debug|Any CPU
		{72002D56-A736-4AB3-84CD-96B0A57BD8B9}.Release|Any CPU.ActiveCfg = Release|Any CPU
		{72002D56-A736-4AB3-84CD-96B0A57BD8B9}.Release|Any CPU.Build.0 = Release|Any CPU
		{C39E9BEE-7943-4CE3-A2C5-45E1A7E05626}.Debug|Any CPU.ActiveCfg = Debug|Any CPU
		{C39E9BEE-7943-4CE3-A2C5-45E1A7E05626}.Debug|Any CPU.Build.0 = Debug|Any CPU
		{C39E9BEE-7943-4CE3-A2C5-45E1A7E05626}.Release|Any CPU.ActiveCfg = Release|Any CPU
		{C39E9BEE-7943-4CE3-A2C5-45E1A7E05626}.Release|Any CPU.Build.0 = Release|Any CPU
		{018946F9-FB12-4E03-9F8E-14C9E881187C}.Debug|Any CPU.ActiveCfg = Debug|Any CPU
		{018946F9-FB12-4E03-9F8E-14C9E881187C}.Debug|Any CPU.Build.0 = Debug|Any CPU
		{018946F9-FB12-4E03-9F8E-14C9E881187C}.Release|Any CPU.ActiveCfg = Release|Any CPU
		{018946F9-FB12-4E03-9F8E-14C9E881187C}.Release|Any CPU.Build.0 = Release|Any CPU
		{C47532DE-DD64-4A71-81DC-247C1335DBB7}.Debug|Any CPU.ActiveCfg = Debug|Any CPU
		{C47532DE-DD64-4A71-81DC-247C1335DBB7}.Debug|Any CPU.Build.0 = Debug|Any CPU
		{C47532DE-DD64-4A71-81DC-247C1335DBB7}.Release|Any CPU.ActiveCfg = Release|Any CPU
		{C47532DE-DD64-4A71-81DC-247C1335DBB7}.Release|Any CPU.Build.0 = Release|Any CPU
		{757D18EC-7400-4FBA-B2F2-3A6583F1B359}.Debug|Any CPU.ActiveCfg = Debug|Any CPU
		{757D18EC-7400-4FBA-B2F2-3A6583F1B359}.Debug|Any CPU.Build.0 = Debug|Any CPU
		{757D18EC-7400-4FBA-B2F2-3A6583F1B359}.Release|Any CPU.ActiveCfg = Release|Any CPU
		{757D18EC-7400-4FBA-B2F2-3A6583F1B359}.Release|Any CPU.Build.0 = Release|Any CPU
	EndGlobalSection
EndGlobal
