
Microsoft Visual Studio Solution File, Format Version 12.00
Project("{2150E333-8FDC-42A3-9474-1A3956D46DE8}") = "Solution Files", "Solution Files", "{549A6712-ECDC-4F51-A93A-EF6C1186F419}"
	ProjectSection(SolutionItems) = preProject
		.editorconfig = .editorconfig
		.gitignore = .gitignore
	EndProjectSection
EndProject
Project("{FAE04EC0-301F-11D3-BF4B-00C04F79EFBC}") = "WC.Service.Employees.Data.Abstractions", "src\WC.Service.Employees.Data.Abstractions\WC.Service.Employees.Data.Abstractions.csproj", "{7B596335-91D9-49CA-A573-63C119B38777}"
EndProject
Project("{FAE04EC0-301F-11D3-BF4B-00C04F79EFBC}") = "WC.Service.Employees.Data", "src\WC.Service.Employees.Data\WC.Service.Employees.Data.csproj", "{2CDF81BA-79EF-41BA-949C-62029D4B35E6}"
EndProject
Project("{FAE04EC0-301F-11D3-BF4B-00C04F79EFBC}") = "WC.Service.Employees.Data.PostgreSql", "src\WC.Service.Employees.Data.PostgreSql\WC.Service.Employees.Data.PostgreSql.csproj", "{22F5BE59-148A-44A7-AB96-C00F60E75223}"
EndProject
Global
	GlobalSection(SolutionConfigurationPlatforms) = preSolution
		Debug|Any CPU = Debug|Any CPU
		Release|Any CPU = Release|Any CPU
	EndGlobalSection
	GlobalSection(ProjectConfigurationPlatforms) = postSolution
		{7B596335-91D9-49CA-A573-63C119B38777}.Debug|Any CPU.ActiveCfg = Debug|Any CPU
		{7B596335-91D9-49CA-A573-63C119B38777}.Debug|Any CPU.Build.0 = Debug|Any CPU
		{7B596335-91D9-49CA-A573-63C119B38777}.Release|Any CPU.ActiveCfg = Release|Any CPU
		{7B596335-91D9-49CA-A573-63C119B38777}.Release|Any CPU.Build.0 = Release|Any CPU
		{2CDF81BA-79EF-41BA-949C-62029D4B35E6}.Debug|Any CPU.ActiveCfg = Debug|Any CPU
		{2CDF81BA-79EF-41BA-949C-62029D4B35E6}.Debug|Any CPU.Build.0 = Debug|Any CPU
		{2CDF81BA-79EF-41BA-949C-62029D4B35E6}.Release|Any CPU.ActiveCfg = Release|Any CPU
		{2CDF81BA-79EF-41BA-949C-62029D4B35E6}.Release|Any CPU.Build.0 = Release|Any CPU
		{22F5BE59-148A-44A7-AB96-C00F60E75223}.Debug|Any CPU.ActiveCfg = Debug|Any CPU
		{22F5BE59-148A-44A7-AB96-C00F60E75223}.Debug|Any CPU.Build.0 = Debug|Any CPU
		{22F5BE59-148A-44A7-AB96-C00F60E75223}.Release|Any CPU.ActiveCfg = Release|Any CPU
		{22F5BE59-148A-44A7-AB96-C00F60E75223}.Release|Any CPU.Build.0 = Release|Any CPU
	EndGlobalSection
EndGlobal
